
Microsoft Visual Studio Solution File, Format Version 12.00
# Visual Studio Version 17
VisualStudioVersion = 17.9.34622.214
MinimumVisualStudioVersion = 10.0.40219.1
Project("{9A19103F-16F7-4668-BE54-9A1E7A4F7556}") = "FreeSql.DBCore", "FreeSql.DBCore\FreeSql.DBCore.csproj", "{3AD60B05-A3EF-42F8-9F3E-3EB0800F9E9D}"
EndProject
Project("{9A19103F-16F7-4668-BE54-9A1E7A4F7556}") = "1.0_FreeSqlQuickStart", "1.0_FreeSqlQuickStart\1.0_FreeSqlQuickStart.csproj", "{FBF38276-71BA-4392-B52F-63D877486D27}"
EndProject
Project("{9A19103F-16F7-4668-BE54-9A1E7A4F7556}") = "1.1_Insert", "1.1_Insert\1.1_Insert.csproj", "{395DC2D3-3588-406D-A5F3-FE81537FFC79}"
EndProject
Project("{9A19103F-16F7-4668-BE54-9A1E7A4F7556}") = "1.2_Delete", "1.2_Delete\1.2_Delete.csproj", "{ED435AD3-EEDC-4A86-869A-956063577355}"
EndProject
Project("{FAE04EC0-301F-11D3-BF4B-00C04F79EFBC}") = "1.3_Update", "1.3_Update\1.3_Update.csproj", "{D190C11E-7474-4BD0-9EE5-1357EA6180ED}"
EndProject
Project("{FAE04EC0-301F-11D3-BF4B-00C04F79EFBC}") = "1.4_Query", "1.4_Query\1.4_Query.csproj", "{6178ADCB-3034-42C0-82D1-517D830E6E10}"
EndProject
Global
	GlobalSection(SolutionConfigurationPlatforms) = preSolution
		Debug|Any CPU = Debug|Any CPU
		Release|Any CPU = Release|Any CPU
	EndGlobalSection
	GlobalSection(ProjectConfigurationPlatforms) = postSolution
		{3AD60B05-A3EF-42F8-9F3E-3EB0800F9E9D}.Debug|Any CPU.ActiveCfg = Debug|Any CPU
		{3AD60B05-A3EF-42F8-9F3E-3EB0800F9E9D}.Debug|Any CPU.Build.0 = Debug|Any CPU
		{3AD60B05-A3EF-42F8-9F3E-3EB0800F9E9D}.Release|Any CPU.ActiveCfg = Release|Any CPU
		{3AD60B05-A3EF-42F8-9F3E-3EB0800F9E9D}.Release|Any CPU.Build.0 = Release|Any CPU
		{FBF38276-71BA-4392-B52F-63D877486D27}.Debug|Any CPU.ActiveCfg = Debug|Any CPU
		{FBF38276-71BA-4392-B52F-63D877486D27}.Debug|Any CPU.Build.0 = Debug|Any CPU
		{FBF38276-71BA-4392-B52F-63D877486D27}.Release|Any CPU.ActiveCfg = Release|Any CPU
		{FBF38276-71BA-4392-B52F-63D877486D27}.Release|Any CPU.Build.0 = Release|Any CPU
		{395DC2D3-3588-406D-A5F3-FE81537FFC79}.Debug|Any CPU.ActiveCfg = Debug|Any CPU
		{395DC2D3-3588-406D-A5F3-FE81537FFC79}.Debug|Any CPU.Build.0 = Debug|Any CPU
		{395DC2D3-3588-406D-A5F3-FE81537FFC79}.Release|Any CPU.ActiveCfg = Release|Any CPU
		{395DC2D3-3588-406D-A5F3-FE81537FFC79}.Release|Any CPU.Build.0 = Release|Any CPU
		{ED435AD3-EEDC-4A86-869A-956063577355}.Debug|Any CPU.ActiveCfg = Debug|Any CPU
		{ED435AD3-EEDC-4A86-869A-956063577355}.Debug|Any CPU.Build.0 = Debug|Any CPU
		{ED435AD3-EEDC-4A86-869A-956063577355}.Release|Any CPU.ActiveCfg = Release|Any CPU
		{ED435AD3-EEDC-4A86-869A-956063577355}.Release|Any CPU.Build.0 = Release|Any CPU
		{D190C11E-7474-4BD0-9EE5-1357EA6180ED}.Debug|Any CPU.ActiveCfg = Debug|Any CPU
		{D190C11E-7474-4BD0-9EE5-1357EA6180ED}.Debug|Any CPU.Build.0 = Debug|Any CPU
		{D190C11E-7474-4BD0-9EE5-1357EA6180ED}.Release|Any CPU.ActiveCfg = Release|Any CPU
		{D190C11E-7474-4BD0-9EE5-1357EA6180ED}.Release|Any CPU.Build.0 = Release|Any CPU
		{6178ADCB-3034-42C0-82D1-517D830E6E10}.Debug|Any CPU.ActiveCfg = Debug|Any CPU
		{6178ADCB-3034-42C0-82D1-517D830E6E10}.Debug|Any CPU.Build.0 = Debug|Any CPU
		{6178ADCB-3034-42C0-82D1-517D830E6E10}.Release|Any CPU.ActiveCfg = Release|Any CPU
		{6178ADCB-3034-42C0-82D1-517D830E6E10}.Release|Any CPU.Build.0 = Release|Any CPU
	EndGlobalSection
	GlobalSection(SolutionProperties) = preSolution
		HideSolutionNode = FALSE
	EndGlobalSection
	GlobalSection(ExtensibilityGlobals) = postSolution
		SolutionGuid = {5F3B6087-6FCE-4A08-8FE4-AC661AFEB6C1}
	EndGlobalSection
EndGlobal
