
Microsoft Visual Studio Solution File, Format Version 12.00
# Visual Studio Version 17
VisualStudioVersion = 17.6.33829.357
MinimumVisualStudioVersion = 10.0.40219.1
Project("{FAE04EC0-301F-11D3-BF4B-00C04F79EFBC}") = "1.0_OriginalInterpreterExample", "1.0_OriginalInterpreterExample\1.0_OriginalInterpreterExample.csproj", "{43B96789-C41C-40C3-B50F-EECC50F0094A}"
EndProject
Project("{FAE04EC0-301F-11D3-BF4B-00C04F79EFBC}") = "2.0_MusicInterpreterExample", "2.0_MusicInterpreterExample\2.0_MusicInterpreterExample.csproj", "{0D3A9856-083E-4AB9-B18A-B3ED9BA272DF}"
EndProject
Global
	GlobalSection(SolutionConfigurationPlatforms) = preSolution
		Debug|Any CPU = Debug|Any CPU
		Release|Any CPU = Release|Any CPU
	EndGlobalSection
	GlobalSection(ProjectConfigurationPlatforms) = postSolution
		{43B96789-C41C-40C3-B50F-EECC50F0094A}.Debug|Any CPU.ActiveCfg = Debug|Any CPU
		{43B96789-C41C-40C3-B50F-EECC50F0094A}.Debug|Any CPU.Build.0 = Debug|Any CPU
		{43B96789-C41C-40C3-B50F-EECC50F0094A}.Release|Any CPU.ActiveCfg = Release|Any CPU
		{43B96789-C41C-40C3-B50F-EECC50F0094A}.Release|Any CPU.Build.0 = Release|Any CPU
		{0D3A9856-083E-4AB9-B18A-B3ED9BA272DF}.Debug|Any CPU.ActiveCfg = Debug|Any CPU
		{0D3A9856-083E-4AB9-B18A-B3ED9BA272DF}.Debug|Any CPU.Build.0 = Debug|Any CPU
		{0D3A9856-083E-4AB9-B18A-B3ED9BA272DF}.Release|Any CPU.ActiveCfg = Release|Any CPU
		{0D3A9856-083E-4AB9-B18A-B3ED9BA272DF}.Release|Any CPU.Build.0 = Release|Any CPU
	EndGlobalSection
	GlobalSection(SolutionProperties) = preSolution
		HideSolutionNode = FALSE
	EndGlobalSection
	GlobalSection(ExtensibilityGlobals) = postSolution
		SolutionGuid = {3382AD23-90DA-4721-B8F2-72CF257633C8}
	EndGlobalSection
EndGlobal
