
Microsoft Visual Studio Solution File, Format Version 12.00
# Visual Studio Version 17
VisualStudioVersion = 17.6.33829.357
MinimumVisualStudioVersion = 10.0.40219.1
Project("{FAE04EC0-301F-11D3-BF4B-00C04F79EFBC}") = "1.0_SimpleFactoryExample", "1.0_SimpleFactoryExample\1.0_SimpleFactoryExample.csproj", "{041FDF28-05D3-4F52-BD33-0EB08DC31010}"
EndProject
Project("{FAE04EC0-301F-11D3-BF4B-00C04F79EFBC}") = "2.0_StrategyPatternIntro", "2.0_StrategyPatternIntro\2.0_StrategyPatternIntro.csproj", "{FA8A45F1-B45C-4D04-9765-10B2044CB796}"
EndProject
Project("{FAE04EC0-301F-11D3-BF4B-00C04F79EFBC}") = "3.0_StrategyPatternOptimize", "3.0_StrategyPatternOptimize\3.0_StrategyPatternOptimize.csproj", "{696DB5E8-C96A-4722-9787-EFBC6E29349C}"
EndProject
Global
	GlobalSection(SolutionConfigurationPlatforms) = preSolution
		Debug|Any CPU = Debug|Any CPU
		Release|Any CPU = Release|Any CPU
	EndGlobalSection
	GlobalSection(ProjectConfigurationPlatforms) = postSolution
		{041FDF28-05D3-4F52-BD33-0EB08DC31010}.Debug|Any CPU.ActiveCfg = Debug|Any CPU
		{041FDF28-05D3-4F52-BD33-0EB08DC31010}.Debug|Any CPU.Build.0 = Debug|Any CPU
		{041FDF28-05D3-4F52-BD33-0EB08DC31010}.Release|Any CPU.ActiveCfg = Release|Any CPU
		{041FDF28-05D3-4F52-BD33-0EB08DC31010}.Release|Any CPU.Build.0 = Release|Any CPU
		{FA8A45F1-B45C-4D04-9765-10B2044CB796}.Debug|Any CPU.ActiveCfg = Debug|Any CPU
		{FA8A45F1-B45C-4D04-9765-10B2044CB796}.Debug|Any CPU.Build.0 = Debug|Any CPU
		{FA8A45F1-B45C-4D04-9765-10B2044CB796}.Release|Any CPU.ActiveCfg = Release|Any CPU
		{FA8A45F1-B45C-4D04-9765-10B2044CB796}.Release|Any CPU.Build.0 = Release|Any CPU
		{696DB5E8-C96A-4722-9787-EFBC6E29349C}.Debug|Any CPU.ActiveCfg = Debug|Any CPU
		{696DB5E8-C96A-4722-9787-EFBC6E29349C}.Debug|Any CPU.Build.0 = Debug|Any CPU
		{696DB5E8-C96A-4722-9787-EFBC6E29349C}.Release|Any CPU.ActiveCfg = Release|Any CPU
		{696DB5E8-C96A-4722-9787-EFBC6E29349C}.Release|Any CPU.Build.0 = Release|Any CPU
	EndGlobalSection
	GlobalSection(SolutionProperties) = preSolution
		HideSolutionNode = FALSE
	EndGlobalSection
	GlobalSection(ExtensibilityGlobals) = postSolution
		SolutionGuid = {0B0AB83E-DAC4-4D78-A546-932EB697B2D6}
	EndGlobalSection
EndGlobal
