
Microsoft Visual Studio Solution File, Format Version 12.00
# Visual Studio Version 17
VisualStudioVersion = 17.6.33829.357
MinimumVisualStudioVersion = 10.0.40219.1
Project("{FAE04EC0-301F-11D3-BF4B-00C04F79EFBC}") = "ChatRoomTcpClient_1", "ChatRoomTcpClient_1\ChatRoomTcpClient_1.csproj", "{40F2D68C-C9DC-490F-BC17-BCD8AA5B1832}"
EndProject
Project("{FAE04EC0-301F-11D3-BF4B-00C04F79EFBC}") = "ChatRoomTcpClient_2", "ChatRoomTcpClient_2\ChatRoomTcpClient_2.csproj", "{63DEA7C5-3631-43D0-A380-B0F051F4A50B}"
EndProject
Global
	GlobalSection(SolutionConfigurationPlatforms) = preSolution
		Debug|Any CPU = Debug|Any CPU
		Release|Any CPU = Release|Any CPU
	EndGlobalSection
	GlobalSection(ProjectConfigurationPlatforms) = postSolution
		{40F2D68C-C9DC-490F-BC17-BCD8AA5B1832}.Debug|Any CPU.ActiveCfg = Debug|Any CPU
		{40F2D68C-C9DC-490F-BC17-BCD8AA5B1832}.Debug|Any CPU.Build.0 = Debug|Any CPU
		{40F2D68C-C9DC-490F-BC17-BCD8AA5B1832}.Release|Any CPU.ActiveCfg = Release|Any CPU
		{40F2D68C-C9DC-490F-BC17-BCD8AA5B1832}.Release|Any CPU.Build.0 = Release|Any CPU
		{63DEA7C5-3631-43D0-A380-B0F051F4A50B}.Debug|Any CPU.ActiveCfg = Debug|Any CPU
		{63DEA7C5-3631-43D0-A380-B0F051F4A50B}.Debug|Any CPU.Build.0 = Debug|Any CPU
		{63DEA7C5-3631-43D0-A380-B0F051F4A50B}.Release|Any CPU.ActiveCfg = Release|Any CPU
		{63DEA7C5-3631-43D0-A380-B0F051F4A50B}.Release|Any CPU.Build.0 = Release|Any CPU
	EndGlobalSection
	GlobalSection(SolutionProperties) = preSolution
		HideSolutionNode = FALSE
	EndGlobalSection
	GlobalSection(ExtensibilityGlobals) = postSolution
		SolutionGuid = {3C9E806A-3D65-40F6-94E2-F5A9099DAAF3}
	EndGlobalSection
EndGlobal
