
Microsoft Visual Studio Solution File, Format Version 12.00
# Visual Studio Version 17
VisualStudioVersion = 17.6.33829.357
MinimumVisualStudioVersion = 10.0.40219.1
Project("{FAE04EC0-301F-11D3-BF4B-00C04F79EFBC}") = "CompositeReuse", "CompositeReuse\CompositeReuse.csproj", "{480D739D-DA7A-47B5-B323-5019CEA63838}"
EndProject
Global
	GlobalSection(SolutionConfigurationPlatforms) = preSolution
		Debug|Any CPU = Debug|Any CPU
		Release|Any CPU = Release|Any CPU
	EndGlobalSection
	GlobalSection(ProjectConfigurationPlatforms) = postSolution
		{480D739D-DA7A-47B5-B323-5019CEA63838}.Debug|Any CPU.ActiveCfg = Debug|Any CPU
		{480D739D-DA7A-47B5-B323-5019CEA63838}.Debug|Any CPU.Build.0 = Debug|Any CPU
		{480D739D-DA7A-47B5-B323-5019CEA63838}.Release|Any CPU.ActiveCfg = Release|Any CPU
		{480D739D-DA7A-47B5-B323-5019CEA63838}.Release|Any CPU.Build.0 = Release|Any CPU
	EndGlobalSection
	GlobalSection(SolutionProperties) = preSolution
		HideSolutionNode = FALSE
	EndGlobalSection
	GlobalSection(ExtensibilityGlobals) = postSolution
		SolutionGuid = {D62ABC01-F72F-4521-AC63-B4E66B3AE021}
	EndGlobalSection
EndGlobal
