
Microsoft Visual Studio Solution File, Format Version 12.00
# Visual Studio Version 17
VisualStudioVersion = 17.6.33829.357
MinimumVisualStudioVersion = 10.0.40219.1
Project("{FAE04EC0-301F-11D3-BF4B-00C04F79EFBC}") = "OpenAndClose", "OpenAndClose.csproj", "{6901B1A6-EA88-454C-B1EE-B4B59ADEC9FA}"
EndProject
Project("{FAE04EC0-301F-11D3-BF4B-00C04F79EFBC}") = "OpenAndCloseOptimize", "..\OpenAndCloseOptimize\OpenAndCloseOptimize.csproj", "{D75A657A-534E-4B42-BCF4-32901463F302}"
EndProject
Project("{FAE04EC0-301F-11D3-BF4B-00C04F79EFBC}") = "OpenAndCloseOptimize2", "..\OpenAndCloseOptimize2\OpenAndCloseOptimize2.csproj", "{0508D84C-9050-4C24-BF66-C6FF02C3573F}"
EndProject
Project("{FAE04EC0-301F-11D3-BF4B-00C04F79EFBC}") = "OpenAndCloseOptimize3", "..\OpenAndCloseOptimize3\OpenAndCloseOptimize3.csproj", "{8C767C9D-4E20-40A3-8B1B-4732B7EBD37F}"
EndProject
Global
	GlobalSection(SolutionConfigurationPlatforms) = preSolution
		Debug|Any CPU = Debug|Any CPU
		Debug|x64 = Debug|x64
		Debug|x86 = Debug|x86
		Release|Any CPU = Release|Any CPU
		Release|x64 = Release|x64
		Release|x86 = Release|x86
	EndGlobalSection
	GlobalSection(ProjectConfigurationPlatforms) = postSolution
		{6901B1A6-EA88-454C-B1EE-B4B59ADEC9FA}.Debug|Any CPU.ActiveCfg = Debug|Any CPU
		{6901B1A6-EA88-454C-B1EE-B4B59ADEC9FA}.Debug|Any CPU.Build.0 = Debug|Any CPU
		{6901B1A6-EA88-454C-B1EE-B4B59ADEC9FA}.Debug|x64.ActiveCfg = Debug|Any CPU
		{6901B1A6-EA88-454C-B1EE-B4B59ADEC9FA}.Debug|x64.Build.0 = Debug|Any CPU
		{6901B1A6-EA88-454C-B1EE-B4B59ADEC9FA}.Debug|x86.ActiveCfg = Debug|Any CPU
		{6901B1A6-EA88-454C-B1EE-B4B59ADEC9FA}.Debug|x86.Build.0 = Debug|Any CPU
		{6901B1A6-EA88-454C-B1EE-B4B59ADEC9FA}.Release|Any CPU.ActiveCfg = Release|Any CPU
		{6901B1A6-EA88-454C-B1EE-B4B59ADEC9FA}.Release|Any CPU.Build.0 = Release|Any CPU
		{6901B1A6-EA88-454C-B1EE-B4B59ADEC9FA}.Release|x64.ActiveCfg = Release|Any CPU
		{6901B1A6-EA88-454C-B1EE-B4B59ADEC9FA}.Release|x64.Build.0 = Release|Any CPU
		{6901B1A6-EA88-454C-B1EE-B4B59ADEC9FA}.Release|x86.ActiveCfg = Release|Any CPU
		{6901B1A6-EA88-454C-B1EE-B4B59ADEC9FA}.Release|x86.Build.0 = Release|Any CPU
		{D75A657A-534E-4B42-BCF4-32901463F302}.Debug|Any CPU.ActiveCfg = Debug|Any CPU
		{D75A657A-534E-4B42-BCF4-32901463F302}.Debug|Any CPU.Build.0 = Debug|Any CPU
		{D75A657A-534E-4B42-BCF4-32901463F302}.Debug|x64.ActiveCfg = Debug|Any CPU
		{D75A657A-534E-4B42-BCF4-32901463F302}.Debug|x64.Build.0 = Debug|Any CPU
		{D75A657A-534E-4B42-BCF4-32901463F302}.Debug|x86.ActiveCfg = Debug|Any CPU
		{D75A657A-534E-4B42-BCF4-32901463F302}.Debug|x86.Build.0 = Debug|Any CPU
		{D75A657A-534E-4B42-BCF4-32901463F302}.Release|Any CPU.ActiveCfg = Release|Any CPU
		{D75A657A-534E-4B42-BCF4-32901463F302}.Release|Any CPU.Build.0 = Release|Any CPU
		{D75A657A-534E-4B42-BCF4-32901463F302}.Release|x64.ActiveCfg = Release|Any CPU
		{D75A657A-534E-4B42-BCF4-32901463F302}.Release|x64.Build.0 = Release|Any CPU
		{D75A657A-534E-4B42-BCF4-32901463F302}.Release|x86.ActiveCfg = Release|Any CPU
		{D75A657A-534E-4B42-BCF4-32901463F302}.Release|x86.Build.0 = Release|Any CPU
		{0508D84C-9050-4C24-BF66-C6FF02C3573F}.Debug|Any CPU.ActiveCfg = Debug|Any CPU
		{0508D84C-9050-4C24-BF66-C6FF02C3573F}.Debug|Any CPU.Build.0 = Debug|Any CPU
		{0508D84C-9050-4C24-BF66-C6FF02C3573F}.Debug|x64.ActiveCfg = Debug|Any CPU
		{0508D84C-9050-4C24-BF66-C6FF02C3573F}.Debug|x64.Build.0 = Debug|Any CPU
		{0508D84C-9050-4C24-BF66-C6FF02C3573F}.Debug|x86.ActiveCfg = Debug|Any CPU
		{0508D84C-9050-4C24-BF66-C6FF02C3573F}.Debug|x86.Build.0 = Debug|Any CPU
		{0508D84C-9050-4C24-BF66-C6FF02C3573F}.Release|Any CPU.ActiveCfg = Release|Any CPU
		{0508D84C-9050-4C24-BF66-C6FF02C3573F}.Release|Any CPU.Build.0 = Release|Any CPU
		{0508D84C-9050-4C24-BF66-C6FF02C3573F}.Release|x64.ActiveCfg = Release|Any CPU
		{0508D84C-9050-4C24-BF66-C6FF02C3573F}.Release|x64.Build.0 = Release|Any CPU
		{0508D84C-9050-4C24-BF66-C6FF02C3573F}.Release|x86.ActiveCfg = Release|Any CPU
		{0508D84C-9050-4C24-BF66-C6FF02C3573F}.Release|x86.Build.0 = Release|Any CPU
		{8C767C9D-4E20-40A3-8B1B-4732B7EBD37F}.Debug|Any CPU.ActiveCfg = Debug|Any CPU
		{8C767C9D-4E20-40A3-8B1B-4732B7EBD37F}.Debug|Any CPU.Build.0 = Debug|Any CPU
		{8C767C9D-4E20-40A3-8B1B-4732B7EBD37F}.Debug|x64.ActiveCfg = Debug|Any CPU
		{8C767C9D-4E20-40A3-8B1B-4732B7EBD37F}.Debug|x64.Build.0 = Debug|Any CPU
		{8C767C9D-4E20-40A3-8B1B-4732B7EBD37F}.Debug|x86.ActiveCfg = Debug|Any CPU
		{8C767C9D-4E20-40A3-8B1B-4732B7EBD37F}.Debug|x86.Build.0 = Debug|Any CPU
		{8C767C9D-4E20-40A3-8B1B-4732B7EBD37F}.Release|Any CPU.ActiveCfg = Release|Any CPU
		{8C767C9D-4E20-40A3-8B1B-4732B7EBD37F}.Release|Any CPU.Build.0 = Release|Any CPU
		{8C767C9D-4E20-40A3-8B1B-4732B7EBD37F}.Release|x64.ActiveCfg = Release|Any CPU
		{8C767C9D-4E20-40A3-8B1B-4732B7EBD37F}.Release|x64.Build.0 = Release|Any CPU
		{8C767C9D-4E20-40A3-8B1B-4732B7EBD37F}.Release|x86.ActiveCfg = Release|Any CPU
		{8C767C9D-4E20-40A3-8B1B-4732B7EBD37F}.Release|x86.Build.0 = Release|Any CPU
	EndGlobalSection
	GlobalSection(SolutionProperties) = preSolution
		HideSolutionNode = FALSE
	EndGlobalSection
	GlobalSection(ExtensibilityGlobals) = postSolution
		SolutionGuid = {E5C70AFC-B0FF-4816-9598-A0418DBE501D}
	EndGlobalSection
EndGlobal
