
Microsoft Visual Studio Solution File, Format Version 12.00
# Visual Studio Version 17
VisualStudioVersion = 17.6.33829.357
MinimumVisualStudioVersion = 10.0.40219.1
Project("{9A19103F-16F7-4668-BE54-9A1E7A4F7556}") = "1.0_Proxy", "1.0_Proxy\1.0_Proxy.csproj", "{716FAF74-997D-421F-961D-72745B964A17}"
EndProject
Project("{FAE04EC0-301F-11D3-BF4B-00C04F79EFBC}") = "2.0_ProxyApply", "2.0_ProxyApply\2.0_ProxyApply.csproj", "{3968D9DD-A053-4245-9785-39CA856CCD28}"
EndProject
Global
	GlobalSection(SolutionConfigurationPlatforms) = preSolution
		Debug|Any CPU = Debug|Any CPU
		Release|Any CPU = Release|Any CPU
	EndGlobalSection
	GlobalSection(ProjectConfigurationPlatforms) = postSolution
		{716FAF74-997D-421F-961D-72745B964A17}.Debug|Any CPU.ActiveCfg = Debug|Any CPU
		{716FAF74-997D-421F-961D-72745B964A17}.Debug|Any CPU.Build.0 = Debug|Any CPU
		{716FAF74-997D-421F-961D-72745B964A17}.Release|Any CPU.ActiveCfg = Release|Any CPU
		{716FAF74-997D-421F-961D-72745B964A17}.Release|Any CPU.Build.0 = Release|Any CPU
		{3968D9DD-A053-4245-9785-39CA856CCD28}.Debug|Any CPU.ActiveCfg = Debug|Any CPU
		{3968D9DD-A053-4245-9785-39CA856CCD28}.Debug|Any CPU.Build.0 = Debug|Any CPU
		{3968D9DD-A053-4245-9785-39CA856CCD28}.Release|Any CPU.ActiveCfg = Release|Any CPU
		{3968D9DD-A053-4245-9785-39CA856CCD28}.Release|Any CPU.Build.0 = Release|Any CPU
	EndGlobalSection
	GlobalSection(SolutionProperties) = preSolution
		HideSolutionNode = FALSE
	EndGlobalSection
	GlobalSection(ExtensibilityGlobals) = postSolution
		SolutionGuid = {BB2927E9-4D1B-4C0E-8B3B-EC74B98FCEF6}
	EndGlobalSection
EndGlobal
