
Microsoft Visual Studio Solution File, Format Version 12.00
# Visual Studio Version 17
VisualStudioVersion = 17.6.33829.357
MinimumVisualStudioVersion = 10.0.40219.1
Project("{FAE04EC0-301F-11D3-BF4B-00C04F79EFBC}") = "1.0_Composite", "1.0_Composite\1.0_Composite.csproj", "{72247B72-24E1-4CD6-99D2-5705954119E8}"
EndProject
Global
	GlobalSection(SolutionConfigurationPlatforms) = preSolution
		Debug|Any CPU = Debug|Any CPU
		Release|Any CPU = Release|Any CPU
	EndGlobalSection
	GlobalSection(ProjectConfigurationPlatforms) = postSolution
		{72247B72-24E1-4CD6-99D2-5705954119E8}.Debug|Any CPU.ActiveCfg = Debug|Any CPU
		{72247B72-24E1-4CD6-99D2-5705954119E8}.Debug|Any CPU.Build.0 = Debug|Any CPU
		{72247B72-24E1-4CD6-99D2-5705954119E8}.Release|Any CPU.ActiveCfg = Release|Any CPU
		{72247B72-24E1-4CD6-99D2-5705954119E8}.Release|Any CPU.Build.0 = Release|Any CPU
	EndGlobalSection
	GlobalSection(SolutionProperties) = preSolution
		HideSolutionNode = FALSE
	EndGlobalSection
	GlobalSection(ExtensibilityGlobals) = postSolution
		SolutionGuid = {61100CBB-9B82-4FF3-B5AB-3F021DD0A2CF}
	EndGlobalSection
EndGlobal
