
Microsoft Visual Studio Solution File, Format Version 12.00
# Visual Studio Version 17
VisualStudioVersion = 17.6.33829.357
MinimumVisualStudioVersion = 10.0.40219.1
Project("{FAE04EC0-301F-11D3-BF4B-00C04F79EFBC}") = "Converter", "Converter\Converter.csproj", "{ED20F17E-5D85-48BD-8722-17A5229BBEB6}"
EndProject
Global
	GlobalSection(SolutionConfigurationPlatforms) = preSolution
		Debug|Any CPU = Debug|Any CPU
		Release|Any CPU = Release|Any CPU
	EndGlobalSection
	GlobalSection(ProjectConfigurationPlatforms) = postSolution
		{ED20F17E-5D85-48BD-8722-17A5229BBEB6}.Debug|Any CPU.ActiveCfg = Debug|Any CPU
		{ED20F17E-5D85-48BD-8722-17A5229BBEB6}.Debug|Any CPU.Build.0 = Debug|Any CPU
		{ED20F17E-5D85-48BD-8722-17A5229BBEB6}.Release|Any CPU.ActiveCfg = Release|Any CPU
		{ED20F17E-5D85-48BD-8722-17A5229BBEB6}.Release|Any CPU.Build.0 = Release|Any CPU
	EndGlobalSection
	GlobalSection(SolutionProperties) = preSolution
		HideSolutionNode = FALSE
	EndGlobalSection
	GlobalSection(ExtensibilityGlobals) = postSolution
		SolutionGuid = {E75F3B08-8BFF-4FB1-9866-1E0FC007D1BF}
	EndGlobalSection
EndGlobal
