
Microsoft Visual Studio Solution File, Format Version 12.00
# Visual Studio Version 17
VisualStudioVersion = 17.6.33829.357
MinimumVisualStudioVersion = 10.0.40219.1
Project("{9A19103F-16F7-4668-BE54-9A1E7A4F7556}") = "1.0_AttributeIntro", "1.0_AttributeIntro\1.0_AttributeIntro.csproj", "{80E2091B-2B81-479F-B17F-A35857A426D6}"
EndProject
Project("{FAE04EC0-301F-11D3-BF4B-00C04F79EFBC}") = "1.1_Case1_Serialize", "1.1_Case1_Serialize\1.1_Case1_Serialize.csproj", "{0AB2859F-8240-4C00-91AF-3319C6EC8409}"
EndProject
Project("{FAE04EC0-301F-11D3-BF4B-00C04F79EFBC}") = "1.2_Case2_BenchmarkRunner", "1.2_Case2_BenchmarkRunner\1.2_Case2_BenchmarkRunner.csproj", "{B2A88360-A4ED-4C29-ABB6-7F92D378874E}"
EndProject
Global
	GlobalSection(SolutionConfigurationPlatforms) = preSolution
		Debug|Any CPU = Debug|Any CPU
		Release|Any CPU = Release|Any CPU
	EndGlobalSection
	GlobalSection(ProjectConfigurationPlatforms) = postSolution
		{80E2091B-2B81-479F-B17F-A35857A426D6}.Debug|Any CPU.ActiveCfg = Debug|Any CPU
		{80E2091B-2B81-479F-B17F-A35857A426D6}.Debug|Any CPU.Build.0 = Debug|Any CPU
		{80E2091B-2B81-479F-B17F-A35857A426D6}.Release|Any CPU.ActiveCfg = Release|Any CPU
		{80E2091B-2B81-479F-B17F-A35857A426D6}.Release|Any CPU.Build.0 = Release|Any CPU
		{0AB2859F-8240-4C00-91AF-3319C6EC8409}.Debug|Any CPU.ActiveCfg = Debug|Any CPU
		{0AB2859F-8240-4C00-91AF-3319C6EC8409}.Debug|Any CPU.Build.0 = Debug|Any CPU
		{0AB2859F-8240-4C00-91AF-3319C6EC8409}.Release|Any CPU.ActiveCfg = Release|Any CPU
		{0AB2859F-8240-4C00-91AF-3319C6EC8409}.Release|Any CPU.Build.0 = Release|Any CPU
		{B2A88360-A4ED-4C29-ABB6-7F92D378874E}.Debug|Any CPU.ActiveCfg = Debug|Any CPU
		{B2A88360-A4ED-4C29-ABB6-7F92D378874E}.Debug|Any CPU.Build.0 = Debug|Any CPU
		{B2A88360-A4ED-4C29-ABB6-7F92D378874E}.Release|Any CPU.ActiveCfg = Release|Any CPU
		{B2A88360-A4ED-4C29-ABB6-7F92D378874E}.Release|Any CPU.Build.0 = Release|Any CPU
	EndGlobalSection
	GlobalSection(SolutionProperties) = preSolution
		HideSolutionNode = FALSE
	EndGlobalSection
	GlobalSection(ExtensibilityGlobals) = postSolution
		SolutionGuid = {1E7A72E4-6BD7-4881-BE4C-FE9980BA7190}
	EndGlobalSection
EndGlobal
