
Microsoft Visual Studio Solution File, Format Version 12.00
# Visual Studio Version 17
VisualStudioVersion = 17.6.33829.357
MinimumVisualStudioVersion = 10.0.40219.1
Project("{FAE04EC0-301F-11D3-BF4B-00C04F79EFBC}") = "1.0_Flyweight", "1.0_Flyweight\1.0_Flyweight.csproj", "{44E96D27-283B-447A-99BC-D5ED921EEE27}"
EndProject
Global
	GlobalSection(SolutionConfigurationPlatforms) = preSolution
		Debug|Any CPU = Debug|Any CPU
		Release|Any CPU = Release|Any CPU
	EndGlobalSection
	GlobalSection(ProjectConfigurationPlatforms) = postSolution
		{44E96D27-283B-447A-99BC-D5ED921EEE27}.Debug|Any CPU.ActiveCfg = Debug|Any CPU
		{44E96D27-283B-447A-99BC-D5ED921EEE27}.Debug|Any CPU.Build.0 = Debug|Any CPU
		{44E96D27-283B-447A-99BC-D5ED921EEE27}.Release|Any CPU.ActiveCfg = Release|Any CPU
		{44E96D27-283B-447A-99BC-D5ED921EEE27}.Release|Any CPU.Build.0 = Release|Any CPU
	EndGlobalSection
	GlobalSection(SolutionProperties) = preSolution
		HideSolutionNode = FALSE
	EndGlobalSection
	GlobalSection(ExtensibilityGlobals) = postSolution
		SolutionGuid = {84FCF2E7-33D1-40FF-8831-1327EA94DE17}
	EndGlobalSection
EndGlobal
