
Microsoft Visual Studio Solution File, Format Version 12.00
# Visual Studio Version 17
VisualStudioVersion = 17.6.33829.357
MinimumVisualStudioVersion = 10.0.40219.1
Project("{9A19103F-16F7-4668-BE54-9A1E7A4F7556}") = "0.0_PrototypeIntro", "0.0_PrototypeIntro\0.0_PrototypeIntro.csproj", "{B0813FA0-18EA-4F11-842E-160DD4AE66B5}"
EndProject
Project("{FAE04EC0-301F-11D3-BF4B-00C04F79EFBC}") = "1.0_Prototype", "1.0_Prototype\1.0_Prototype.csproj", "{25C08089-FB09-47B0-94FA-DB77CE0ACD72}"
EndProject
Project("{FAE04EC0-301F-11D3-BF4B-00C04F79EFBC}") = "2.0_ProtoTypeSimplify", "2.0_ProtoTypeSimplify\2.0_ProtoTypeSimplify.csproj", "{00EE7BC6-7308-4ED3-AE8B-09BF4E0A5808}"
EndProject
Global
	GlobalSection(SolutionConfigurationPlatforms) = preSolution
		Debug|Any CPU = Debug|Any CPU
		Release|Any CPU = Release|Any CPU
	EndGlobalSection
	GlobalSection(ProjectConfigurationPlatforms) = postSolution
		{B0813FA0-18EA-4F11-842E-160DD4AE66B5}.Debug|Any CPU.ActiveCfg = Debug|Any CPU
		{B0813FA0-18EA-4F11-842E-160DD4AE66B5}.Debug|Any CPU.Build.0 = Debug|Any CPU
		{B0813FA0-18EA-4F11-842E-160DD4AE66B5}.Release|Any CPU.ActiveCfg = Release|Any CPU
		{B0813FA0-18EA-4F11-842E-160DD4AE66B5}.Release|Any CPU.Build.0 = Release|Any CPU
		{25C08089-FB09-47B0-94FA-DB77CE0ACD72}.Debug|Any CPU.ActiveCfg = Debug|Any CPU
		{25C08089-FB09-47B0-94FA-DB77CE0ACD72}.Debug|Any CPU.Build.0 = Debug|Any CPU
		{25C08089-FB09-47B0-94FA-DB77CE0ACD72}.Release|Any CPU.ActiveCfg = Release|Any CPU
		{25C08089-FB09-47B0-94FA-DB77CE0ACD72}.Release|Any CPU.Build.0 = Release|Any CPU
		{00EE7BC6-7308-4ED3-AE8B-09BF4E0A5808}.Debug|Any CPU.ActiveCfg = Debug|Any CPU
		{00EE7BC6-7308-4ED3-AE8B-09BF4E0A5808}.Debug|Any CPU.Build.0 = Debug|Any CPU
		{00EE7BC6-7308-4ED3-AE8B-09BF4E0A5808}.Release|Any CPU.ActiveCfg = Release|Any CPU
		{00EE7BC6-7308-4ED3-AE8B-09BF4E0A5808}.Release|Any CPU.Build.0 = Release|Any CPU
	EndGlobalSection
	GlobalSection(SolutionProperties) = preSolution
		HideSolutionNode = FALSE
	EndGlobalSection
	GlobalSection(ExtensibilityGlobals) = postSolution
		SolutionGuid = {78031CD0-D4DD-4A4F-9BF7-52054B248DBA}
	EndGlobalSection
EndGlobal
